
Microsoft Visual Studio Solution File, Format Version 12.00
# Visual Studio Version 17
VisualStudioVersion = 17.8.34525.116
MinimumVisualStudioVersion = 10.0.40219.1
Project("{9A19103F-16F7-4668-BE54-9A1E7A4F7556}") = "myapi", "myapi\myapi.csproj", "{0278D1A0-C77E-4FCF-BD8F-D61CDC7F828C}"
EndProject
Project("{E53339B2-1760-4266-BCC7-CA923CBCF16C}") = "docker-compose", "docker-compose.dcproj", "{835D85F0-E557-43BA-BCE6-40015BF31602}"
EndProject
Global
	GlobalSection(SolutionConfigurationPlatforms) = preSolution
		Debug|Any CPU = Debug|Any CPU
		Release|Any CPU = Release|Any CPU
	EndGlobalSection
	GlobalSection(ProjectConfigurationPlatforms) = postSolution
		{0278D1A0-C77E-4FCF-BD8F-D61CDC7F828C}.Debug|Any CPU.ActiveCfg = Debug|Any CPU
		{0278D1A0-C77E-4FCF-BD8F-D61CDC7F828C}.Debug|Any CPU.Build.0 = Debug|Any CPU
		{0278D1A0-C77E-4FCF-BD8F-D61CDC7F828C}.Release|Any CPU.ActiveCfg = Release|Any CPU
		{0278D1A0-C77E-4FCF-BD8F-D61CDC7F828C}.Release|Any CPU.Build.0 = Release|Any CPU
		{835D85F0-E557-43BA-BCE6-40015BF31602}.Debug|Any CPU.ActiveCfg = Debug|Any CPU
		{835D85F0-E557-43BA-BCE6-40015BF31602}.Debug|Any CPU.Build.0 = Debug|Any CPU
		{835D85F0-E557-43BA-BCE6-40015BF31602}.Release|Any CPU.ActiveCfg = Release|Any CPU
		{835D85F0-E557-43BA-BCE6-40015BF31602}.Release|Any CPU.Build.0 = Release|Any CPU
	EndGlobalSection
	GlobalSection(SolutionProperties) = preSolution
		HideSolutionNode = FALSE
	EndGlobalSection
	GlobalSection(ExtensibilityGlobals) = postSolution
		SolutionGuid = {4006ABD2-D332-4112-9B87-5A02A1560441}
	EndGlobalSection
EndGlobal
